// !$*UTF8*$!
{
	archiveVersion = 1;
	classes = {
	};
	objectVersion = 46;
	objects = {

/* Begin PBXBuildFile section */
		1D3623260D0F684500981E51 /* TableDesignRevisitedAppDelegate.m in Sources */ = {isa = PBXBuildFile; fileRef = 1D3623250D0F684500981E51 /* TableDesignRevisitedAppDelegate.m */; };
		1D60589B0D05DD56006BFB54 /* main.m in Sources */ = {isa = PBXBuildFile; fileRef = 29B97316FDCFA39411CA2CEA /* main.m */; };
		1D60589F0D05DD5A006BFB54 /* Foundation.framework in Frameworks */ = {isa = PBXBuildFile; fileRef = 1D30AB110D05D00D00671497 /* Foundation.framework */; };
		1DF5F4E00D08C38300B7A737 /* UIKit.framework in Frameworks */ = {isa = PBXBuildFile; fileRef = 1DF5F4DF0D08C38300B7A737 /* UIKit.framework */; };
		2892E4100DC94CBA00A64D0F /* CoreGraphics.framework in Frameworks */ = {isa = PBXBuildFile; fileRef = 2892E40F0DC94CBA00A64D0F /* CoreGraphics.framework */; };
		28AD73600D9D9599002E5188 /* MainWindow.xib in Resources */ = {isa = PBXBuildFile; fileRef = 28AD735F0D9D9599002E5188 /* MainWindow.xib */; };
		28C286E10D94DF7D0034E888 /* RootViewController.m in Sources */ = {isa = PBXBuildFile; fileRef = 28C286E00D94DF7D0034E888 /* RootViewController.m */; };
		ACBD0F1B14BBB0D000C2FC3C /* ButtonCell.m in Sources */ = {isa = PBXBuildFile; fileRef = ACBD0F0014BBB0D000C2FC3C /* ButtonCell.m */; };
		ACBD0F1C14BBB0D000C2FC3C /* ButtonCell.xib in Resources */ = {isa = PBXBuildFile; fileRef = ACBD0F0114BBB0D000C2FC3C /* ButtonCell.xib */; };
		ACBD0F1D14BBB0D000C2FC3C /* LabelCell+Selectable.m in Sources */ = {isa = PBXBuildFile; fileRef = ACBD0F0314BBB0D000C2FC3C /* LabelCell+Selectable.m */; };
		ACBD0F1E14BBB0D000C2FC3C /* LabelCell.m in Sources */ = {isa = PBXBuildFile; fileRef = ACBD0F0514BBB0D000C2FC3C /* LabelCell.m */; };
		ACBD0F1F14BBB0D000C2FC3C /* NibCell.xib in Resources */ = {isa = PBXBuildFile; fileRef = ACBD0F0614BBB0D000C2FC3C /* NibCell.xib */; };
		ACBD0F2014BBB0D000C2FC3C /* NibLoadedCell.m in Sources */ = {isa = PBXBuildFile; fileRef = ACBD0F0814BBB0D000C2FC3C /* NibLoadedCell.m */; };
		ACBD0F2114BBB0D000C2FC3C /* TextFieldCell.m in Sources */ = {isa = PBXBuildFile; fileRef = ACBD0F0A14BBB0D000C2FC3C /* TextFieldCell.m */; };
		ACBD0F2214BBB0D000C2FC3C /* GradientBackgroundTable.m in Sources */ = {isa = PBXBuildFile; fileRef = ACBD0F0D14BBB0D000C2FC3C /* GradientBackgroundTable.m */; };
		ACBD0F2314BBB0D000C2FC3C /* DetailDisclosureCell.m in Sources */ = {isa = PBXBuildFile; fileRef = ACBD0F1014BBB0D000C2FC3C /* DetailDisclosureCell.m */; };
		ACBD0F2414BBB0D000C2FC3C /* PageCell.m in Sources */ = {isa = PBXBuildFile; fileRef = ACBD0F1314BBB0D000C2FC3C /* PageCell.m */; };
		ACBD0F2514BBB0D000C2FC3C /* PageCellBackground.m in Sources */ = {isa = PBXBuildFile; fileRef = ACBD0F1514BBB0D000C2FC3C /* PageCellBackground.m */; };
		ACBD0F2614BBB0D000C2FC3C /* PageViewController.m in Sources */ = {isa = PBXBuildFile; fileRef = ACBD0F1714BBB0D000C2FC3C /* PageViewController.m */; };
		ACBD0F2714BBB0D000C2FC3C /* RoundRect.m in Sources */ = {isa = PBXBuildFile; fileRef = ACBD0F1A14BBB0D000C2FC3C /* RoundRect.m */; };
		C9A42CCA12BDC88400959D84 /* NibCell.xib in Resources */ = {isa = PBXBuildFile; fileRef = C9A42CC912BDC88400959D84 /* NibCell.xib */; };
		C9A42CCD12BDC9A100959D84 /* cocoawithlove-logo.png in Resources */ = {isa = PBXBuildFile; fileRef = C9A42CCC12BDC9A100959D84 /* cocoawithlove-logo.png */; };
		C9A4311112BE18A500959D84 /* DetailViewController.m in Sources */ = {isa = PBXBuildFile; fileRef = C9A4311012BE18A500959D84 /* DetailViewController.m */; };
		C9A4316412BE1E5D00959D84 /* DetailView.xib in Resources */ = {isa = PBXBuildFile; fileRef = C9A4316312BE1E5D00959D84 /* DetailView.xib */; };
/* End PBXBuildFile section */

/* Begin PBXFileReference section */
		1D30AB110D05D00D00671497 /* Foundation.framework */ = {isa = PBXFileReference; lastKnownFileType = wrapper.framework; name = Foundation.framework; path = System/Library/Frameworks/Foundation.framework; sourceTree = SDKROOT; };
		1D3623240D0F684500981E51 /* TableDesignRevisitedAppDelegate.h */ = {isa = PBXFileReference; fileEncoding = 4; lastKnownFileType = sourcecode.c.h; path = TableDesignRevisitedAppDelegate.h; sourceTree = "<group>"; };
		1D3623250D0F684500981E51 /* TableDesignRevisitedAppDelegate.m */ = {isa = PBXFileReference; fileEncoding = 4; lastKnownFileType = sourcecode.c.objc; path = TableDesignRevisitedAppDelegate.m; sourceTree = "<group>"; };
		1D6058910D05DD3D006BFB54 /* TableDesignRevisited.app */ = {isa = PBXFileReference; explicitFileType = wrapper.application; includeInIndex = 0; path = TableDesignRevisited.app; sourceTree = BUILT_PRODUCTS_DIR; };
		1DF5F4DF0D08C38300B7A737 /* UIKit.framework */ = {isa = PBXFileReference; lastKnownFileType = wrapper.framework; name = UIKit.framework; path = System/Library/Frameworks/UIKit.framework; sourceTree = SDKROOT; };
		2892E40F0DC94CBA00A64D0F /* CoreGraphics.framework */ = {isa = PBXFileReference; lastKnownFileType = wrapper.framework; name = CoreGraphics.framework; path = System/Library/Frameworks/CoreGraphics.framework; sourceTree = SDKROOT; };
		28A0AAE50D9B0CCF005BE974 /* TableDesignRevisited_Prefix.pch */ = {isa = PBXFileReference; fileEncoding = 4; lastKnownFileType = sourcecode.c.h; path = TableDesignRevisited_Prefix.pch; sourceTree = "<group>"; };
		28AD735F0D9D9599002E5188 /* MainWindow.xib */ = {isa = PBXFileReference; lastKnownFileType = file.xib; path = MainWindow.xib; sourceTree = "<group>"; };
		28C286DF0D94DF7D0034E888 /* RootViewController.h */ = {isa = PBXFileReference; fileEncoding = 4; lastKnownFileType = sourcecode.c.h; path = RootViewController.h; sourceTree = "<group>"; };
		28C286E00D94DF7D0034E888 /* RootViewController.m */ = {isa = PBXFileReference; fileEncoding = 4; lastKnownFileType = sourcecode.c.objc; path = RootViewController.m; sourceTree = "<group>"; };
		29B97316FDCFA39411CA2CEA /* main.m */ = {isa = PBXFileReference; fileEncoding = 4; lastKnownFileType = sourcecode.c.objc; path = main.m; sourceTree = "<group>"; };
		8D1107310486CEB800E47090 /* TableDesignRevisited-Info.plist */ = {isa = PBXFileReference; fileEncoding = 4; lastKnownFileType = text.plist.xml; path = "TableDesignRevisited-Info.plist"; plistStructureDefinitionIdentifier = "com.apple.xcode.plist.structure-definition.iphone.info-plist"; sourceTree = "<group>"; };
		ACBD0EFF14BBB0D000C2FC3C /* ButtonCell.h */ = {isa = PBXFileReference; fileEncoding = 4; lastKnownFileType = sourcecode.c.h; path = ButtonCell.h; sourceTree = "<group>"; };
		ACBD0F0014BBB0D000C2FC3C /* ButtonCell.m */ = {isa = PBXFileReference; fileEncoding = 4; lastKnownFileType = sourcecode.c.objc; path = ButtonCell.m; sourceTree = "<group>"; };
		ACBD0F0114BBB0D000C2FC3C /* ButtonCell.xib */ = {isa = PBXFileReference; fileEncoding = 4; lastKnownFileType = file.xib; path = ButtonCell.xib; sourceTree = "<group>"; };
		ACBD0F0214BBB0D000C2FC3C /* LabelCell+Selectable.h */ = {isa = PBXFileReference; fileEncoding = 4; lastKnownFileType = sourcecode.c.h; path = "LabelCell+Selectable.h"; sourceTree = "<group>"; };
		ACBD0F0314BBB0D000C2FC3C /* LabelCell+Selectable.m */ = {isa = PBXFileReference; fileEncoding = 4; lastKnownFileType = sourcecode.c.objc; path = "LabelCell+Selectable.m"; sourceTree = "<group>"; };
		ACBD0F0414BBB0D000C2FC3C /* LabelCell.h */ = {isa = PBXFileReference; fileEncoding = 4; lastKnownFileType = sourcecode.c.h; path = LabelCell.h; sourceTree = "<group>"; };
		ACBD0F0514BBB0D000C2FC3C /* LabelCell.m */ = {isa = PBXFileReference; fileEncoding = 4; lastKnownFileType = sourcecode.c.objc; path = LabelCell.m; sourceTree = "<group>"; };
		ACBD0F0614BBB0D000C2FC3C /* NibCell.xib */ = {isa = PBXFileReference; fileEncoding = 4; lastKnownFileType = file.xib; path = NibCell.xib; sourceTree = "<group>"; };
		ACBD0F0714BBB0D000C2FC3C /* NibLoadedCell.h */ = {isa = PBXFileReference; fileEncoding = 4; lastKnownFileType = sourcecode.c.h; path = NibLoadedCell.h; sourceTree = "<group>"; };
		ACBD0F0814BBB0D000C2FC3C /* NibLoadedCell.m */ = {isa = PBXFileReference; fileEncoding = 4; lastKnownFileType = sourcecode.c.objc; path = NibLoadedCell.m; sourceTree = "<group>"; };
		ACBD0F0914BBB0D000C2FC3C /* TextFieldCell.h */ = {isa = PBXFileReference; fileEncoding = 4; lastKnownFileType = sourcecode.c.h; path = TextFieldCell.h; sourceTree = "<group>"; };
		ACBD0F0A14BBB0D000C2FC3C /* TextFieldCell.m */ = {isa = PBXFileReference; fileEncoding = 4; lastKnownFileType = sourcecode.c.objc; path = TextFieldCell.m; sourceTree = "<group>"; };
		ACBD0F0C14BBB0D000C2FC3C /* GradientBackgroundTable.h */ = {isa = PBXFileReference; fileEncoding = 4; lastKnownFileType = sourcecode.c.h; path = GradientBackgroundTable.h; sourceTree = "<group>"; };
		ACBD0F0D14BBB0D000C2FC3C /* GradientBackgroundTable.m */ = {isa = PBXFileReference; fileEncoding = 4; lastKnownFileType = sourcecode.c.objc; path = GradientBackgroundTable.m; sourceTree = "<group>"; };
		ACBD0F0F14BBB0D000C2FC3C /* DetailDisclosureCell.h */ = {isa = PBXFileReference; fileEncoding = 4; lastKnownFileType = sourcecode.c.h; path = DetailDisclosureCell.h; sourceTree = "<group>"; };
		ACBD0F1014BBB0D000C2FC3C /* DetailDisclosureCell.m */ = {isa = PBXFileReference; fileEncoding = 4; lastKnownFileType = sourcecode.c.objc; path = DetailDisclosureCell.m; sourceTree = "<group>"; };
		ACBD0F1214BBB0D000C2FC3C /* PageCell.h */ = {isa = PBXFileReference; fileEncoding = 4; lastKnownFileType = sourcecode.c.h; path = PageCell.h; sourceTree = "<group>"; };
		ACBD0F1314BBB0D000C2FC3C /* PageCell.m */ = {isa = PBXFileReference; fileEncoding = 4; lastKnownFileType = sourcecode.c.objc; path = PageCell.m; sourceTree = "<group>"; };
		ACBD0F1414BBB0D000C2FC3C /* PageCellBackground.h */ = {isa = PBXFileReference; fileEncoding = 4; lastKnownFileType = sourcecode.c.h; path = PageCellBackground.h; sourceTree = "<group>"; };
		ACBD0F1514BBB0D000C2FC3C /* PageCellBackground.m */ = {isa = PBXFileReference; fileEncoding = 4; lastKnownFileType = sourcecode.c.objc; path = PageCellBackground.m; sourceTree = "<group>"; };
		ACBD0F1614BBB0D000C2FC3C /* PageViewController.h */ = {isa = PBXFileReference; fileEncoding = 4; lastKnownFileType = sourcecode.c.h; path = PageViewController.h; sourceTree = "<group>"; };
		ACBD0F1714BBB0D000C2FC3C /* PageViewController.m */ = {isa = PBXFileReference; fileEncoding = 4; lastKnownFileType = sourcecode.c.objc; path = PageViewController.m; sourceTree = "<group>"; };
		ACBD0F1914BBB0D000C2FC3C /* RoundRect.h */ = {isa = PBXFileReference; fileEncoding = 4; lastKnownFileType = sourcecode.c.h; path = RoundRect.h; sourceTree = "<group>"; };
		ACBD0F1A14BBB0D000C2FC3C /* RoundRect.m */ = {isa = PBXFileReference; fileEncoding = 4; lastKnownFileType = sourcecode.c.objc; path = RoundRect.m; sourceTree = "<group>"; };
		C9A42CC912BDC88400959D84 /* NibCell.xib */ = {isa = PBXFileReference; lastKnownFileType = file.xib; path = NibCell.xib; sourceTree = "<group>"; };
		C9A42CCC12BDC9A100959D84 /* cocoawithlove-logo.png */ = {isa = PBXFileReference; lastKnownFileType = image.png; path = "cocoawithlove-logo.png"; sourceTree = "<group>"; };
		C9A4310F12BE18A500959D84 /* DetailViewController.h */ = {isa = PBXFileReference; fileEncoding = 4; lastKnownFileType = sourcecode.c.h; path = DetailViewController.h; sourceTree = "<group>"; };
		C9A4311012BE18A500959D84 /* DetailViewController.m */ = {isa = PBXFileReference; fileEncoding = 4; lastKnownFileType = sourcecode.c.objc; path = DetailViewController.m; sourceTree = "<group>"; };
		C9A4316312BE1E5D00959D84 /* DetailView.xib */ = {isa = PBXFileReference; lastKnownFileType = file.xib; path = DetailView.xib; sourceTree = "<group>"; };
/* End PBXFileReference section */

/* Begin PBXFrameworksBuildPhase section */
		1D60588F0D05DD3D006BFB54 /* Frameworks */ = {
			isa = PBXFrameworksBuildPhase;
			buildActionMask = 2147483647;
			files = (
				1D60589F0D05DD5A006BFB54 /* Foundation.framework in Frameworks */,
				1DF5F4E00D08C38300B7A737 /* UIKit.framework in Frameworks */,
				2892E4100DC94CBA00A64D0F /* CoreGraphics.framework in Frameworks */,
			);
			runOnlyForDeploymentPostprocessing = 0;
		};
/* End PBXFrameworksBuildPhase section */

/* Begin PBXGroup section */
		080E96DDFE201D6D7F000001 /* Classes */ = {
			isa = PBXGroup;
			children = (
				ACBD0EFE14BBB0D000C2FC3C /* Custom Cells */,
				ACBD0F0B14BBB0D000C2FC3C /* Custom Views */,
				ACBD0F0E14BBB0D000C2FC3C /* Detail View */,
				ACBD0F1114BBB0D000C2FC3C /* PageView Hierarchy */,
				ACBD0F1814BBB0D000C2FC3C /* Utility */,
				1D3623240D0F684500981E51 /* TableDesignRevisitedAppDelegate.h */,
				1D3623250D0F684500981E51 /* TableDesignRevisitedAppDelegate.m */,
				28C286DF0D94DF7D0034E888 /* RootViewController.h */,
				28C286E00D94DF7D0034E888 /* RootViewController.m */,
				C9A4310F12BE18A500959D84 /* DetailViewController.h */,
				C9A4311012BE18A500959D84 /* DetailViewController.m */,
			);
			path = Classes;
			sourceTree = "<group>";
		};
		19C28FACFE9D520D11CA2CBB /* Products */ = {
			isa = PBXGroup;
			children = (
				1D6058910D05DD3D006BFB54 /* TableDesignRevisited.app */,
			);
			name = Products;
			sourceTree = "<group>";
		};
		29B97314FDCFA39411CA2CEA /* CustomTemplate */ = {
			isa = PBXGroup;
			children = (
				080E96DDFE201D6D7F000001 /* Classes */,
				29B97315FDCFA39411CA2CEA /* Other Sources */,
				29B97317FDCFA39411CA2CEA /* Resources */,
				29B97323FDCFA39411CA2CEA /* Frameworks */,
				19C28FACFE9D520D11CA2CBB /* Products */,
			);
			name = CustomTemplate;
			sourceTree = "<group>";
		};
		29B97315FDCFA39411CA2CEA /* Other Sources */ = {
			isa = PBXGroup;
			children = (
				28A0AAE50D9B0CCF005BE974 /* TableDesignRevisited_Prefix.pch */,
				29B97316FDCFA39411CA2CEA /* main.m */,
			);
			name = "Other Sources";
			sourceTree = "<group>";
		};
		29B97317FDCFA39411CA2CEA /* Resources */ = {
			isa = PBXGroup;
			children = (
				C9A42CCC12BDC9A100959D84 /* cocoawithlove-logo.png */,
				28AD735F0D9D9599002E5188 /* MainWindow.xib */,
				C9A4316312BE1E5D00959D84 /* DetailView.xib */,
				C9A42CC912BDC88400959D84 /* NibCell.xib */,
				8D1107310486CEB800E47090 /* TableDesignRevisited-Info.plist */,
			);
			name = Resources;
			sourceTree = "<group>";
		};
		29B97323FDCFA39411CA2CEA /* Frameworks */ = {
			isa = PBXGroup;
			children = (
				1DF5F4DF0D08C38300B7A737 /* UIKit.framework */,
				1D30AB110D05D00D00671497 /* Foundation.framework */,
				2892E40F0DC94CBA00A64D0F /* CoreGraphics.framework */,
			);
			name = Frameworks;
			sourceTree = "<group>";
		};
		ACBD0EFE14BBB0D000C2FC3C /* Custom Cells */ = {
			isa = PBXGroup;
			children = (
				ACBD0EFF14BBB0D000C2FC3C /* ButtonCell.h */,
				ACBD0F0014BBB0D000C2FC3C /* ButtonCell.m */,
				ACBD0F0114BBB0D000C2FC3C /* ButtonCell.xib */,
				ACBD0F0214BBB0D000C2FC3C /* LabelCell+Selectable.h */,
				ACBD0F0314BBB0D000C2FC3C /* LabelCell+Selectable.m */,
				ACBD0F0414BBB0D000C2FC3C /* LabelCell.h */,
				ACBD0F0514BBB0D000C2FC3C /* LabelCell.m */,
				ACBD0F0614BBB0D000C2FC3C /* NibCell.xib */,
				ACBD0F0714BBB0D000C2FC3C /* NibLoadedCell.h */,
				ACBD0F0814BBB0D000C2FC3C /* NibLoadedCell.m */,
				ACBD0F0914BBB0D000C2FC3C /* TextFieldCell.h */,
				ACBD0F0A14BBB0D000C2FC3C /* TextFieldCell.m */,
			);
			name = "Custom Cells";
			path = "PageView/Custom Cells";
			sourceTree = "<group>";
		};
		ACBD0F0B14BBB0D000C2FC3C /* Custom Views */ = {
			isa = PBXGroup;
			children = (
				ACBD0F0C14BBB0D000C2FC3C /* GradientBackgroundTable.h */,
				ACBD0F0D14BBB0D000C2FC3C /* GradientBackgroundTable.m */,
			);
			name = "Custom Views";
			path = "PageView/Custom Views";
			sourceTree = "<group>";
		};
		ACBD0F0E14BBB0D000C2FC3C /* Detail View */ = {
			isa = PBXGroup;
			children = (
				ACBD0F0F14BBB0D000C2FC3C /* DetailDisclosureCell.h */,
				ACBD0F1014BBB0D000C2FC3C /* DetailDisclosureCell.m */,
			);
			name = "Detail View";
			path = "PageView/Detail View";
			sourceTree = "<group>";
		};
		ACBD0F1114BBB0D000C2FC3C /* PageView Hierarchy */ = {
			isa = PBXGroup;
			children = (
				ACBD0F1214BBB0D000C2FC3C /* PageCell.h */,
				ACBD0F1314BBB0D000C2FC3C /* PageCell.m */,
				ACBD0F1414BBB0D000C2FC3C /* PageCellBackground.h */,
				ACBD0F1514BBB0D000C2FC3C /* PageCellBackground.m */,
				ACBD0F1614BBB0D000C2FC3C /* PageViewController.h */,
				ACBD0F1714BBB0D000C2FC3C /* PageViewController.m */,
			);
			name = "PageView Hierarchy";
			path = "PageView/PageView Hierarchy";
			sourceTree = "<group>";
		};
		ACBD0F1814BBB0D000C2FC3C /* Utility */ = {
			isa = PBXGroup;
			children = (
				ACBD0F1914BBB0D000C2FC3C /* RoundRect.h */,
				ACBD0F1A14BBB0D000C2FC3C /* RoundRect.m */,
			);
			name = Utility;
			path = PageView/Utility;
			sourceTree = "<group>";
		};
/* End PBXGroup section */

/* Begin PBXNativeTarget section */
		1D6058900D05DD3D006BFB54 /* TableDesignRevisited */ = {
			isa = PBXNativeTarget;
			buildConfigurationList = 1D6058960D05DD3E006BFB54 /* Build configuration list for PBXNativeTarget "TableDesignRevisited" */;
			buildPhases = (
				1D60588D0D05DD3D006BFB54 /* Resources */,
				1D60588E0D05DD3D006BFB54 /* Sources */,
				1D60588F0D05DD3D006BFB54 /* Frameworks */,
			);
			buildRules = (
			);
			dependencies = (
			);
			name = TableDesignRevisited;
			productName = TableDesignRevisited;
			productReference = 1D6058910D05DD3D006BFB54 /* TableDesignRevisited.app */;
			productType = "com.apple.product-type.application";
		};
/* End PBXNativeTarget section */

/* Begin PBXProject section */
		29B97313FDCFA39411CA2CEA /* Project object */ = {
			isa = PBXProject;
			attributes = {
				LastUpgradeCheck = 0420;
			};
			buildConfigurationList = C01FCF4E08A954540054247B /* Build configuration list for PBXProject "TableDesignRevisited" */;
			compatibilityVersion = "Xcode 3.2";
			developmentRegion = English;
			hasScannedForEncodings = 1;
			knownRegions = (
				English,
				Japanese,
				French,
				German,
				en,
			);
			mainGroup = 29B97314FDCFA39411CA2CEA /* CustomTemplate */;
			projectDirPath = "";
			projectRoot = "";
			targets = (
				1D6058900D05DD3D006BFB54 /* TableDesignRevisited */,
			);
		};
/* End PBXProject section */

/* Begin PBXResourcesBuildPhase section */
		1D60588D0D05DD3D006BFB54 /* Resources */ = {
			isa = PBXResourcesBuildPhase;
			buildActionMask = 2147483647;
			files = (
				28AD73600D9D9599002E5188 /* MainWindow.xib in Resources */,
				C9A42CCA12BDC88400959D84 /* NibCell.xib in Resources */,
				C9A42CCD12BDC9A100959D84 /* cocoawithlove-logo.png in Resources */,
				C9A4316412BE1E5D00959D84 /* DetailView.xib in Resources */,
				ACBD0F1C14BBB0D000C2FC3C /* ButtonCell.xib in Resources */,
				ACBD0F1F14BBB0D000C2FC3C /* NibCell.xib in Resources */,
			);
			runOnlyForDeploymentPostprocessing = 0;
		};
/* End PBXResourcesBuildPhase section */

/* Begin PBXSourcesBuildPhase section */
		1D60588E0D05DD3D006BFB54 /* Sources */ = {
			isa = PBXSourcesBuildPhase;
			buildActionMask = 2147483647;
			files = (
				1D60589B0D05DD56006BFB54 /* main.m in Sources */,
				1D3623260D0F684500981E51 /* TableDesignRevisitedAppDelegate.m in Sources */,
				28C286E10D94DF7D0034E888 /* RootViewController.m in Sources */,
				C9A4311112BE18A500959D84 /* DetailViewController.m in Sources */,
				ACBD0F1B14BBB0D000C2FC3C /* ButtonCell.m in Sources */,
				ACBD0F1D14BBB0D000C2FC3C /* LabelCell+Selectable.m in Sources */,
				ACBD0F1E14BBB0D000C2FC3C /* LabelCell.m in Sources */,
				ACBD0F2014BBB0D000C2FC3C /* NibLoadedCell.m in Sources */,
				ACBD0F2114BBB0D000C2FC3C /* TextFieldCell.m in Sources */,
				ACBD0F2214BBB0D000C2FC3C /* GradientBackgroundTable.m in Sources */,
				ACBD0F2314BBB0D000C2FC3C /* DetailDisclosureCell.m in Sources */,
				ACBD0F2414BBB0D000C2FC3C /* PageCell.m in Sources */,
				ACBD0F2514BBB0D000C2FC3C /* PageCellBackground.m in Sources */,
				ACBD0F2614BBB0D000C2FC3C /* PageViewController.m in Sources */,
				ACBD0F2714BBB0D000C2FC3C /* RoundRect.m in Sources */,
			);
			runOnlyForDeploymentPostprocessing = 0;
		};
/* End PBXSourcesBuildPhase section */

/* Begin XCBuildConfiguration section */
		1D6058940D05DD3E006BFB54 /* Debug */ = {
			isa = XCBuildConfiguration;
			buildSettings = {
				ALWAYS_SEARCH_USER_PATHS = NO;
				COPY_PHASE_STRIP = NO;
				GCC_DYNAMIC_NO_PIC = NO;
				GCC_OPTIMIZATION_LEVEL = 0;
				GCC_PRECOMPILE_PREFIX_HEADER = YES;
				GCC_PREFIX_HEADER = TableDesignRevisited_Prefix.pch;
				INFOPLIST_FILE = "TableDesignRevisited-Info.plist";
				PRODUCT_NAME = TableDesignRevisited;
			};
			name = Debug;
		};
		1D6058950D05DD3E006BFB54 /* Release */ = {
			isa = XCBuildConfiguration;
			buildSettings = {
				ALWAYS_SEARCH_USER_PATHS = NO;
				COPY_PHASE_STRIP = YES;
				GCC_PRECOMPILE_PREFIX_HEADER = YES;
				GCC_PREFIX_HEADER = TableDesignRevisited_Prefix.pch;
				INFOPLIST_FILE = "TableDesignRevisited-Info.plist";
				PRODUCT_NAME = TableDesignRevisited;
				VALIDATE_PRODUCT = YES;
			};
			name = Release;
		};
		C01FCF4F08A954540054247B /* Debug */ = {
			isa = XCBuildConfiguration;
			buildSettings = {
				ARCHS = "$(ARCHS_STANDARD_32_BIT)";
				"CODE_SIGN_IDENTITY[sdk=iphoneos*]" = "iPhone Developer";
				GCC_C_LANGUAGE_STANDARD = c99;
				GCC_WARN_ABOUT_MISSING_PROTOTYPES = YES;
				GCC_WARN_ABOUT_RETURN_TYPE = YES;
				GCC_WARN_UNUSED_VARIABLE = YES;
				SDKROOT = iphoneos;
			};
			name = Debug;
		};
		C01FCF5008A954540054247B /* Release */ = {
			isa = XCBuildConfiguration;
			buildSettings = {
				ARCHS = "$(ARCHS_STANDARD_32_BIT)";
				"CODE_SIGN_IDENTITY[sdk=iphoneos*]" = "iPhone Developer";
				GCC_C_LANGUAGE_STANDARD = c99;
				GCC_WARN_ABOUT_MISSING_PROTOTYPES = YES;
				GCC_WARN_ABOUT_RETURN_TYPE = YES;
				GCC_WARN_UNUSED_VARIABLE = YES;
				OTHER_CFLAGS = "-DNS_BLOCK_ASSERTIONS=1";
				SDKROOT = iphoneos;
			};
			name = Release;
		};
/* End XCBuildConfiguration section */

/* Begin XCConfigurationList section */
		1D6058960D05DD3E006BFB54 /* Build configuration list for PBXNativeTarget "TableDesignRevisited" */ = {
			isa = XCConfigurationList;
			buildConfigurations = (
				1D6058940D05DD3E006BFB54 /* Debug */,
				1D6058950D05DD3E006BFB54 /* Release */,
			);
			defaultConfigurationIsVisible = 0;
			defaultConfigurationName = Release;
		};
		C01FCF4E08A954540054247B /* Build configuration list for PBXProject "TableDesignRevisited" */ = {
			isa = XCConfigurationList;
			buildConfigurations = (
				C01FCF4F08A954540054247B /* Debug */,
				C01FCF5008A954540054247B /* Release */,
			);
			defaultConfigurationIsVisible = 0;
			defaultConfigurationName = Release;
		};
/* End XCConfigurationList section */
	};
	rootObject = 29B97313FDCFA39411CA2CEA /* Project object */;
}
